
Microsoft Visual Studio Solution File, Format Version 12.00
# Visual Studio Version 16
VisualStudioVersion = 16.0.32106.194
MinimumVisualStudioVersion = 10.0.40219.1
Project("{FAE04EC0-301F-11D3-BF4B-00C04F79EFBC}") = "CPHAirport-H3", "CPHAirport-H3\CPHAirport-H3.csproj", "{D9F5808B-18CD-4968-86C8-2E5A824FDB70}"
EndProject
Global
	GlobalSection(SolutionConfigurationPlatforms) = preSolution
		Debug|Any CPU = Debug|Any CPU
		Release|Any CPU = Release|Any CPU
	EndGlobalSection
	GlobalSection(ProjectConfigurationPlatforms) = postSolution
		{D9F5808B-18CD-4968-86C8-2E5A824FDB70}.Debug|Any CPU.ActiveCfg = Debug|Any CPU
		{D9F5808B-18CD-4968-86C8-2E5A824FDB70}.Debug|Any CPU.Build.0 = Debug|Any CPU
		{D9F5808B-18CD-4968-86C8-2E5A824FDB70}.Release|Any CPU.ActiveCfg = Release|Any CPU
		{D9F5808B-18CD-4968-86C8-2E5A824FDB70}.Release|Any CPU.Build.0 = Release|Any CPU
	EndGlobalSection
	GlobalSection(SolutionProperties) = preSolution
		HideSolutionNode = FALSE
	EndGlobalSection
	GlobalSection(ExtensibilityGlobals) = postSolution
		SolutionGuid = {00A1B1A8-E24E-4425-99C7-E199C26E4071}
	EndGlobalSection
EndGlobal
